{
  "lockfileVersion": 1,
  "configVersion": 1,
  "workspaces": {
    "": {
      "name": "harness_dev",
    },
    "bun_apps/deepseek-cli": {
      "name": "deepseek-cli",
      "version": "0.1.0",
      "bin": {
        "deepseek-cli": "src/index.ts",
      },
    },
    "bun_apps/demo-bun-image": {
      "name": "demo-bun-image",
    },
    "bun_apps/hello-bun": {
      "name": "hello-bun",
      "bin": {
        "hello-bun": "src/index.ts",
      },
    },
    "bun_apps/understand-anything": {
      "name": "understand-anything-server",
      "version": "0.1.0",
    },
  },
  "packages": {
    "deepseek-cli": ["deepseek-cli@workspace:bun_apps/deepseek-cli"],

    "demo-bun-image": ["demo-bun-image@workspace:bun_apps/demo-bun-image"],

    "hello-bun": ["hello-bun@workspace:bun_apps/hello-bun"],

    "understand-anything-server": ["understand-anything-server@workspace:bun_apps/understand-anything"],
  }
}
